<?xml version="1.0" encoding="utf-8"?>
<Project ToolsVersion="4.0" xmlns="http://schemas.microsoft.com/developer/msbuild/2003">
  <ItemGroup>
    <Filter Include="Fichiers sources">
      <UniqueIdentifier>{4FC737F1-C7A5-4376-A066-2A32D752A2FF}</UniqueIdentifier>
      <Extensions>cpp;c;cc;cxx;c++;cppm;ixx;def;odl;idl;hpj;bat;asm;asmx</Extensions>
    </Filter>
    <Filter Include="Fichiers d%27en-tête">
      <UniqueIdentifier>{93995380-89BD-4b04-88EB-625FBE52EBFB}</UniqueIdentifier>
      <Extensions>h;hh;hpp;hxx;h++;hm;inl;inc;ipp;xsd</Extensions>
    </Filter>
    <Filter Include="Fichiers de ressources">
      <UniqueIdentifier>{67DA6AB6-F800-4c08-8B7A-83BB121AAD01}</UniqueIdentifier>
      <Extensions>rc;ico;cur;bmp;dlg;rc2;rct;bin;rgs;gif;jpg;jpeg;jpe;resx;tiff;tif;png;wav;mfcribbon-ms</Extensions>
    </Filter>
    <Filter Include="Fichiers sources\2D">
      <UniqueIdentifier>{b564259d-37c2-4646-af2b-6f7fad057ef5}</UniqueIdentifier>
    </Filter>
    <Filter Include="Fichiers sources\3D">
      <UniqueIdentifier>{e95b5d95-de00-4f1c-bd1e-ddd0e991b16e}</UniqueIdentifier>
    </Filter>
    <Filter Include="Fichiers sources\4D">
      <UniqueIdentifier>{9367e89d-59a3-46c0-b048-32a92eb8fdb9}</UniqueIdentifier>
    </Filter>
    <Filter Include="Fichiers d%27en-tête\2D">
      <UniqueIdentifier>{99e6404b-1eb6-4e4d-b229-b53fa2f405e1}</UniqueIdentifier>
    </Filter>
    <Filter Include="Fichiers d%27en-tête\3D">
      <UniqueIdentifier>{40734700-57bb-4590-a7a3-33da8731b79b}</UniqueIdentifier>
    </Filter>
    <Filter Include="Fichiers d%27en-tête\4D">
      <UniqueIdentifier>{63fce5c6-0257-4633-9184-4cbc6761f4c0}</UniqueIdentifier>
    </Filter>
  </ItemGroup>
  <ItemGroup>
    <ClInclude Include="Vector2D.h">
      <Filter>Fichiers d%27en-tête\2D</Filter>
    </ClInclude>
    <ClInclude Include="Matrix2D.h">
      <Filter>Fichiers d%27en-tête\2D</Filter>
    </ClInclude>
    <ClInclude Include="Matrix3D.h">
      <Filter>Fichiers d%27en-tête\3D</Filter>
    </ClInclude>
    <ClInclude Include="Vector3D.h">
      <Filter>Fichiers d%27en-tête\3D</Filter>
    </ClInclude>
    <ClInclude Include="Matrix4D.h">
      <Filter>Fichiers d%27en-tête\4D</Filter>
    </ClInclude>
    <ClInclude Include="Quaternion.h">
      <Filter>Fichiers d%27en-tête\4D</Filter>
    </ClInclude>
    <ClInclude Include="Vector4D.h">
      <Filter>Fichiers d%27en-tête\4D</Filter>
    </ClInclude>
  </ItemGroup>
  <ItemGroup>
    <ClCompile Include="Vector2D.cpp">
      <Filter>Fichiers sources\2D</Filter>
    </ClCompile>
    <ClCompile Include="Matrix2D.cpp">
      <Filter>Fichiers sources\2D</Filter>
    </ClCompile>
    <ClCompile Include="Matrix3D.cpp">
      <Filter>Fichiers sources\3D</Filter>
    </ClCompile>
    <ClCompile Include="Vector3D.cpp">
      <Filter>Fichiers sources\3D</Filter>
    </ClCompile>
    <ClCompile Include="Matrix4D.cpp">
      <Filter>Fichiers sources\4D</Filter>
    </ClCompile>
    <ClCompile Include="Quaternion.cpp">
      <Filter>Fichiers sources\4D</Filter>
    </ClCompile>
    <ClCompile Include="Vector4D.cpp">
      <Filter>Fichiers sources\4D</Filter>
    </ClCompile>
  </ItemGroup>
</Project>